PODS:
  - Flutter (1.0.0)
  - flutter_full_pdf_viewer (1.0.1):
    - Flutter
  - path_provider (0.0.1):
    - Flutter
  - PSPDFKit (9.3.3):
    - PSPDFKit/Core (= 9.3.3)
  - PSPDFKit/Core (9.3.3)
  - pspdfkit_flutter (0.0.1):
    - Flutter
    - PSPDFKit

DEPENDENCIES:
  - Flutter (from `Flutter`)
  - flutter_full_pdf_viewer (from `.symlinks/plugins/flutter_full_pdf_viewer/ios`)
  - path_provider (from `.symlinks/plugins/path_provider/ios`)
  - PSPDFKit (from `https://customers.pspdfkit.com/cocoapods/TRIAL-YNtSXnS1AtCP0zmnEDmvKKG9fgnANrR4Yf59RPlgLsYwRIBWiO3fozswabWz5nkX63FqJcPvbx_ZkBBA_SHKYzXUDYmwH5SBF9kI_bTtRqE/pspdfkit/latest.podspec`)
  - pspdfkit_flutter (from `.symlinks/plugins/pspdfkit_flutter/ios`)

EXTERNAL SOURCES:
  Flutter:
    :path: Flutter
  flutter_full_pdf_viewer:
    :path: ".symlinks/plugins/flutter_full_pdf_viewer/ios"
  path_provider:
    :path: ".symlinks/plugins/path_provider/ios"
  PSPDFKit:
    :podspec: https://customers.pspdfkit.com/cocoapods/TRIAL-YNtSXnS1AtCP0zmnEDmvKKG9fgnANrR4Yf59RPlgLsYwRIBWiO3fozswabWz5nkX63FqJcPvbx_ZkBBA_SHKYzXUDYmwH5SBF9kI_bTtRqE/pspdfkit/latest.podspec
  pspdfkit_flutter:
    :path: ".symlinks/plugins/pspdfkit_flutter/ios"

SPEC CHECKSUMS:
  Flutter: 0e3d915762c693b495b44d77113d4970485de6ec
  flutter_full_pdf_viewer: 1b65139fc3236cde300ba6bea2a72669cb07f2e6
  path_provider: f96fff6166a8867510d2c25fdcc346327cc4b259
  PSPDFKit: 8282bb978d2b07b1edf3ccc1f78e5241cbc65f1a
  pspdfkit_flutter: eea35994ef96f982a5a94a67ac3e902d1a79a5d4

PODFILE CHECKSUM: c3c4447a941faf19df25ca0a68742c5b27218286

COCOAPODS: 1.9.3
